
Microsoft Visual Studio Solution File, Format Version 12.00
# Visual Studio 15
VisualStudioVersion = 15.0.28307.779
MinimumVisualStudioVersion = 10.0.40219.1
Project("{FAE04EC0-301F-11D3-BF4B-00C04F79EFBC}") = "Web_APP_Teste", "Web_APP_Teste\Web_APP_Teste.csproj", "{458517B3-D42A-4BA0-A79F-94697826EA06}"
EndProject
Global
	GlobalSection(SolutionConfigurationPlatforms) = preSolution
		Debug|Any CPU = Debug|Any CPU
		Release|Any CPU = Release|Any CPU
	EndGlobalSection
	GlobalSection(ProjectConfigurationPlatforms) = postSolution
		{458517B3-D42A-4BA0-A79F-94697826EA06}.Debug|Any CPU.ActiveCfg = Debug|Any CPU
		{458517B3-D42A-4BA0-A79F-94697826EA06}.Debug|Any CPU.Build.0 = Debug|Any CPU
		{458517B3-D42A-4BA0-A79F-94697826EA06}.Release|Any CPU.ActiveCfg = Release|Any CPU
		{458517B3-D42A-4BA0-A79F-94697826EA06}.Release|Any CPU.Build.0 = Release|Any CPU
	EndGlobalSection
	GlobalSection(SolutionProperties) = preSolution
		HideSolutionNode = FALSE
	EndGlobalSection
	GlobalSection(ExtensibilityGlobals) = postSolution
		SolutionGuid = {CBE20E4C-E163-4B4B-9760-CEB3100790D3}
	EndGlobalSection
EndGlobal
